// !$*UTF8*$!
{
	archiveVersion = 1;
	classes = {
	};
	objectVersion = 50;
	objects = {

/* Begin PBXBuildFile section */
		86322BD42485790400800438 /* QuestionViewController.swift in Sources */ = {isa = PBXBuildFile; fileRef = 86322BD32485790400800438 /* QuestionViewController.swift */; };
		86322BD62485791300800438 /* ResultsViewController.swift in Sources */ = {isa = PBXBuildFile; fileRef = 86322BD52485791300800438 /* ResultsViewController.swift */; };
		86CF969324802A5000AEFB3D /* AppDelegate.swift in Sources */ = {isa = PBXBuildFile; fileRef = 86CF969224802A5000AEFB3D /* AppDelegate.swift */; };
		86CF969524802A5000AEFB3D /* SceneDelegate.swift in Sources */ = {isa = PBXBuildFile; fileRef = 86CF969424802A5000AEFB3D /* SceneDelegate.swift */; };
		86CF969724802A5000AEFB3D /* IntroductionController.swift in Sources */ = {isa = PBXBuildFile; fileRef = 86CF969624802A5000AEFB3D /* IntroductionController.swift */; };
		86CF969A24802A5000AEFB3D /* Main.storyboard in Resources */ = {isa = PBXBuildFile; fileRef = 86CF969824802A5000AEFB3D /* Main.storyboard */; };
		86CF969C24802A5100AEFB3D /* Assets.xcassets in Resources */ = {isa = PBXBuildFile; fileRef = 86CF969B24802A5100AEFB3D /* Assets.xcassets */; };
		86CF969F24802A5100AEFB3D /* LaunchScreen.storyboard in Resources */ = {isa = PBXBuildFile; fileRef = 86CF969D24802A5100AEFB3D /* LaunchScreen.storyboard */; };
		86CF96AD24803F5100AEFB3D /* Question.swift in Sources */ = {isa = PBXBuildFile; fileRef = 86CF96AC24803F5100AEFB3D /* Question.swift */; };
		86CF96AF2480401F00AEFB3D /* ResponseType.swift in Sources */ = {isa = PBXBuildFile; fileRef = 86CF96AE2480401F00AEFB3D /* ResponseType.swift */; };
		86CF96B12480407200AEFB3D /* Answer.swift in Sources */ = {isa = PBXBuildFile; fileRef = 86CF96B02480407200AEFB3D /* Answer.swift */; };
		86CF96B3248040A700AEFB3D /* AnimalType.swift in Sources */ = {isa = PBXBuildFile; fileRef = 86CF96B2248040A700AEFB3D /* AnimalType.swift */; };
/* End PBXBuildFile section */

/* Begin PBXFileReference section */
		86322BD32485790400800438 /* QuestionViewController.swift */ = {isa = PBXFileReference; lastKnownFileType = sourcecode.swift; path = QuestionViewController.swift; sourceTree = "<group>"; };
		86322BD52485791300800438 /* ResultsViewController.swift */ = {isa = PBXFileReference; lastKnownFileType = sourcecode.swift; path = ResultsViewController.swift; sourceTree = "<group>"; };
		86CF968F24802A5000AEFB3D /* PersonalQuiz.app */ = {isa = PBXFileReference; explicitFileType = wrapper.application; includeInIndex = 0; path = PersonalQuiz.app; sourceTree = BUILT_PRODUCTS_DIR; };
		86CF969224802A5000AEFB3D /* AppDelegate.swift */ = {isa = PBXFileReference; lastKnownFileType = sourcecode.swift; path = AppDelegate.swift; sourceTree = "<group>"; };
		86CF969424802A5000AEFB3D /* SceneDelegate.swift */ = {isa = PBXFileReference; lastKnownFileType = sourcecode.swift; path = SceneDelegate.swift; sourceTree = "<group>"; };
		86CF969624802A5000AEFB3D /* IntroductionController.swift */ = {isa = PBXFileReference; lastKnownFileType = sourcecode.swift; path = IntroductionController.swift; sourceTree = "<group>"; };
		86CF969924802A5000AEFB3D /* Base */ = {isa = PBXFileReference; lastKnownFileType = file.storyboard; name = Base; path = Base.lproj/Main.storyboard; sourceTree = "<group>"; };
		86CF969B24802A5100AEFB3D /* Assets.xcassets */ = {isa = PBXFileReference; lastKnownFileType = folder.assetcatalog; path = Assets.xcassets; sourceTree = "<group>"; };
		86CF969E24802A5100AEFB3D /* Base */ = {isa = PBXFileReference; lastKnownFileType = file.storyboard; name = Base; path = Base.lproj/LaunchScreen.storyboard; sourceTree = "<group>"; };
		86CF96A024802A5100AEFB3D /* Info.plist */ = {isa = PBXFileReference; lastKnownFileType = text.plist.xml; path = Info.plist; sourceTree = "<group>"; };
		86CF96AC24803F5100AEFB3D /* Question.swift */ = {isa = PBXFileReference; lastKnownFileType = sourcecode.swift; path = Question.swift; sourceTree = "<group>"; };
		86CF96AE2480401F00AEFB3D /* ResponseType.swift */ = {isa = PBXFileReference; lastKnownFileType = sourcecode.swift; path = ResponseType.swift; sourceTree = "<group>"; };
		86CF96B02480407200AEFB3D /* Answer.swift */ = {isa = PBXFileReference; lastKnownFileType = sourcecode.swift; path = Answer.swift; sourceTree = "<group>"; };
		86CF96B2248040A700AEFB3D /* AnimalType.swift */ = {isa = PBXFileReference; lastKnownFileType = sourcecode.swift; path = AnimalType.swift; sourceTree = "<group>"; };
/* End PBXFileReference section */

/* Begin PBXFrameworksBuildPhase section */
		86CF968C24802A5000AEFB3D /* Frameworks */ = {
			isa = PBXFrameworksBuildPhase;
			buildActionMask = 2147483647;
			files = (
			);
			runOnlyForDeploymentPostprocessing = 0;
		};
/* End PBXFrameworksBuildPhase section */

/* Begin PBXGroup section */
		86CF968624802A5000AEFB3D = {
			isa = PBXGroup;
			children = (
				86CF969124802A5000AEFB3D /* PersonalQuiz */,
				86CF969024802A5000AEFB3D /* Products */,
			);
			sourceTree = "<group>";
		};
		86CF969024802A5000AEFB3D /* Products */ = {
			isa = PBXGroup;
			children = (
				86CF968F24802A5000AEFB3D /* PersonalQuiz.app */,
			);
			name = Products;
			sourceTree = "<group>";
		};
		86CF969124802A5000AEFB3D /* PersonalQuiz */ = {
			isa = PBXGroup;
			children = (
				86CF96A8248031A700AEFB3D /* ViewControllers */,
				86CF96AB2480320700AEFB3D /* Models */,
				86CF96A9248031C200AEFB3D /* Storyboards */,
				86CF96A62480311700AEFB3D /* SupportingFiles */,
				86CF96AA248031D000AEFB3D /* Sources */,
			);
			path = PersonalQuiz;
			sourceTree = "<group>";
		};
		86CF96A62480311700AEFB3D /* SupportingFiles */ = {
			isa = PBXGroup;
			children = (
				86CF969224802A5000AEFB3D /* AppDelegate.swift */,
				86CF969424802A5000AEFB3D /* SceneDelegate.swift */,
				86CF96A024802A5100AEFB3D /* Info.plist */,
			);
			path = SupportingFiles;
			sourceTree = "<group>";
		};
		86CF96A8248031A700AEFB3D /* ViewControllers */ = {
			isa = PBXGroup;
			children = (
				86CF969624802A5000AEFB3D /* IntroductionController.swift */,
				86322BD32485790400800438 /* QuestionViewController.swift */,
				86322BD52485791300800438 /* ResultsViewController.swift */,
			);
			path = ViewControllers;
			sourceTree = "<group>";
		};
		86CF96A9248031C200AEFB3D /* Storyboards */ = {
			isa = PBXGroup;
			children = (
				86CF969824802A5000AEFB3D /* Main.storyboard */,
				86CF969D24802A5100AEFB3D /* LaunchScreen.storyboard */,
			);
			path = Storyboards;
			sourceTree = "<group>";
		};
		86CF96AA248031D000AEFB3D /* Sources */ = {
			isa = PBXGroup;
			children = (
				86CF969B24802A5100AEFB3D /* Assets.xcassets */,
			);
			path = Sources;
			sourceTree = "<group>";
		};
		86CF96AB2480320700AEFB3D /* Models */ = {
			isa = PBXGroup;
			children = (
				86CF96AC24803F5100AEFB3D /* Question.swift */,
				86CF96AE2480401F00AEFB3D /* ResponseType.swift */,
				86CF96B02480407200AEFB3D /* Answer.swift */,
				86CF96B2248040A700AEFB3D /* AnimalType.swift */,
			);
			path = Models;
			sourceTree = "<group>";
		};
/* End PBXGroup section */

/* Begin PBXNativeTarget section */
		86CF968E24802A5000AEFB3D /* PersonalQuiz */ = {
			isa = PBXNativeTarget;
			buildConfigurationList = 86CF96A324802A5100AEFB3D /* Build configuration list for PBXNativeTarget "PersonalQuiz" */;
			buildPhases = (
				86CF968B24802A5000AEFB3D /* Sources */,
				86CF968C24802A5000AEFB3D /* Frameworks */,
				86CF968D24802A5000AEFB3D /* Resources */,
			);
			buildRules = (
			);
			dependencies = (
			);
			name = PersonalQuiz;
			productName = PersonalQuiz;
			productReference = 86CF968F24802A5000AEFB3D /* PersonalQuiz.app */;
			productType = "com.apple.product-type.application";
		};
/* End PBXNativeTarget section */

/* Begin PBXProject section */
		86CF968724802A5000AEFB3D /* Project object */ = {
			isa = PBXProject;
			attributes = {
				LastSwiftUpdateCheck = 1140;
				LastUpgradeCheck = 1240;
				ORGANIZATIONNAME = "Vladislav Cheremisov";
				TargetAttributes = {
					86CF968E24802A5000AEFB3D = {
						CreatedOnToolsVersion = 11.4.1;
					};
				};
			};
			buildConfigurationList = 86CF968A24802A5000AEFB3D /* Build configuration list for PBXProject "PersonalQuiz" */;
			compatibilityVersion = "Xcode 9.3";
			developmentRegion = en;
			hasScannedForEncodings = 0;
			knownRegions = (
				en,
				Base,
			);
			mainGroup = 86CF968624802A5000AEFB3D;
			productRefGroup = 86CF969024802A5000AEFB3D /* Products */;
			projectDirPath = "";
			projectRoot = "";
			targets = (
				86CF968E24802A5000AEFB3D /* PersonalQuiz */,
			);
		};
/* End PBXProject section */

/* Begin PBXResourcesBuildPhase section */
		86CF968D24802A5000AEFB3D /* Resources */ = {
			isa = PBXResourcesBuildPhase;
			buildActionMask = 2147483647;
			files = (
				86CF969F24802A5100AEFB3D /* LaunchScreen.storyboard in Resources */,
				86CF969C24802A5100AEFB3D /* Assets.xcassets in Resources */,
				86CF969A24802A5000AEFB3D /* Main.storyboard in Resources */,
			);
			runOnlyForDeploymentPostprocessing = 0;
		};
/* End PBXResourcesBuildPhase section */

/* Begin PBXSourcesBuildPhase section */
		86CF968B24802A5000AEFB3D /* Sources */ = {
			isa = PBXSourcesBuildPhase;
			buildActionMask = 2147483647;
			files = (
				86CF969724802A5000AEFB3D /* IntroductionController.swift in Sources */,
				86CF96AD24803F5100AEFB3D /* Question.swift in Sources */,
				86CF969324802A5000AEFB3D /* AppDelegate.swift in Sources */,
				86CF96B12480407200AEFB3D /* Answer.swift in Sources */,
				86CF969524802A5000AEFB3D /* SceneDelegate.swift in Sources */,
				86322BD62485791300800438 /* ResultsViewController.swift in Sources */,
				86CF96AF2480401F00AEFB3D /* ResponseType.swift in Sources */,
				86322BD42485790400800438 /* QuestionViewController.swift in Sources */,
				86CF96B3248040A700AEFB3D /* AnimalType.swift in Sources */,
			);
			runOnlyForDeploymentPostprocessing = 0;
		};
/* End PBXSourcesBuildPhase section */

/* Begin PBXVariantGroup section */
		86CF969824802A5000AEFB3D /* Main.storyboard */ = {
			isa = PBXVariantGroup;
			children = (
				86CF969924802A5000AEFB3D /* Base */,
			);
			name = Main.storyboard;
			sourceTree = "<group>";
		};
		86CF969D24802A5100AEFB3D /* LaunchScreen.storyboard */ = {
			isa = PBXVariantGroup;
			children = (
				86CF969E24802A5100AEFB3D /* Base */,
			);
			name = LaunchScreen.storyboard;
			sourceTree = "<group>";
		};
/* End PBXVariantGroup section */

/* Begin XCBuildConfiguration section */
		86CF96A124802A5100AEFB3D /* Debug */ = {
			isa = XCBuildConfiguration;
			buildSettings = {
				ALWAYS_SEARCH_USER_PATHS = NO;
				CLANG_ANALYZER_NONNULL = YES;
				CLANG_ANALYZER_NUMBER_OBJECT_CONVERSION = YES_AGGRESSIVE;
				CLANG_CXX_LANGUAGE_STANDARD = "gnu++14";
				CLANG_CXX_LIBRARY = "libc++";
				CLANG_ENABLE_MODULES = YES;
				CLANG_ENABLE_OBJC_ARC = YES;
				CLANG_ENABLE_OBJC_WEAK = YES;
				CLANG_WARN_BLOCK_CAPTURE_AUTORELEASING = YES;
				CLANG_WARN_BOOL_CONVERSION = YES;
				CLANG_WARN_COMMA = YES;
				CLANG_WARN_CONSTANT_CONVERSION = YES;
				CLANG_WARN_DEPRECATED_OBJC_IMPLEMENTATIONS = YES;
				CLANG_WARN_DIRECT_OBJC_ISA_USAGE = YES_ERROR;
				CLANG_WARN_DOCUMENTATION_COMMENTS = YES;
				CLANG_WARN_EMPTY_BODY = YES;
				CLANG_WARN_ENUM_CONVERSION = YES;
				CLANG_WARN_INFINITE_RECURSION = YES;
				CLANG_WARN_INT_CONVERSION = YES;
				CLANG_WARN_NON_LITERAL_NULL_CONVERSION = YES;
				CLANG_WARN_OBJC_IMPLICIT_RETAIN_SELF = YES;
				CLANG_WARN_OBJC_LITERAL_CONVERSION = YES;
				CLANG_WARN_OBJC_ROOT_CLASS = YES_ERROR;
				CLANG_WARN_QUOTED_INCLUDE_IN_FRAMEWORK_HEADER = YES;
				CLANG_WARN_RANGE_LOOP_ANALYSIS = YES;
				CLANG_WARN_STRICT_PROTOTYPES = YES;
				CLANG_WARN_SUSPICIOUS_MOVE = YES;
				CLANG_WARN_UNGUARDED_AVAILABILITY = YES_AGGRESSIVE;
				CLANG_WARN_UNREACHABLE_CODE = YES;
				CLANG_WARN__DUPLICATE_METHOD_MATCH = YES;
				COPY_PHASE_STRIP = NO;
				DEBUG_INFORMATION_FORMAT = dwarf;
				ENABLE_STRICT_OBJC_MSGSEND = YES;
				ENABLE_TESTABILITY = YES;
				GCC_C_LANGUAGE_STANDARD = gnu11;
				GCC_DYNAMIC_NO_PIC = NO;
				GCC_NO_COMMON_BLOCKS = YES;
				GCC_OPTIMIZATION_LEVEL = 0;
				GCC_PREPROCESSOR_DEFINITIONS = (
					"DEBUG=1",
					"$(inherited)",
				);
				GCC_WARN_64_TO_32_BIT_CONVERSION = YES;
				GCC_WARN_ABOUT_RETURN_TYPE = YES_ERROR;
				GCC_WARN_UNDECLARED_SELECTOR = YES;
				GCC_WARN_UNINITIALIZED_AUTOS = YES_AGGRESSIVE;
				GCC_WARN_UNUSED_FUNCTION = YES;
				GCC_WARN_UNUSED_VARIABLE = YES;
				IPHONEOS_DEPLOYMENT_TARGET = 13.4;
				MTL_ENABLE_DEBUG_INFO = INCLUDE_SOURCE;
				MTL_FAST_MATH = YES;
				ONLY_ACTIVE_ARCH = YES;
				SDKROOT = iphoneos;
				SWIFT_ACTIVE_COMPILATION_CONDITIONS = DEBUG;
				SWIFT_OPTIMIZATION_LEVEL = "-Onone";
			};
			name = Debug;
		};
		86CF96A224802A5100AEFB3D /* Release */ = {
			isa = XCBuildConfiguration;
			buildSettings = {
				ALWAYS_SEARCH_USER_PATHS = NO;
				CLANG_ANALYZER_NONNULL = YES;
				CLANG_ANALYZER_NUMBER_OBJECT_CONVERSION = YES_AGGRESSIVE;
				CLANG_CXX_LANGUAGE_STANDARD = "gnu++14";
				CLANG_CXX_LIBRARY = "libc++";
				CLANG_ENABLE_MODULES = YES;
				CLANG_ENABLE_OBJC_ARC = YES;
				CLANG_ENABLE_OBJC_WEAK = YES;
				CLANG_WARN_BLOCK_CAPTURE_AUTORELEASING = YES;
				CLANG_WARN_BOOL_CONVERSION = YES;
				CLANG_WARN_COMMA = YES;
				CLANG_WARN_CONSTANT_CONVERSION = YES;
				CLANG_WARN_DEPRECATED_OBJC_IMPLEMENTATIONS = YES;
				CLANG_WARN_DIRECT_OBJC_ISA_USAGE = YES_ERROR;
				CLANG_WARN_DOCUMENTATION_COMMENTS = YES;
				CLANG_WARN_EMPTY_BODY = YES;
				CLANG_WARN_ENUM_CONVERSION = YES;
				CLANG_WARN_INFINITE_RECURSION = YES;
				CLANG_WARN_INT_CONVERSION = YES;
				CLANG_WARN_NON_LITERAL_NULL_CONVERSION = YES;
				CLANG_WARN_OBJC_IMPLICIT_RETAIN_SELF = YES;
				CLANG_WARN_OBJC_LITERAL_CONVERSION = YES;
				CLANG_WARN_OBJC_ROOT_CLASS = YES_ERROR;
				CLANG_WARN_QUOTED_INCLUDE_IN_FRAMEWORK_HEADER = YES;
				CLANG_WARN_RANGE_LOOP_ANALYSIS = YES;
				CLANG_WARN_STRICT_PROTOTYPES = YES;
				CLANG_WARN_SUSPICIOUS_MOVE = YES;
				CLANG_WARN_UNGUARDED_AVAILABILITY = YES_AGGRESSIVE;
				CLANG_WARN_UNREACHABLE_CODE = YES;
				CLANG_WARN__DUPLICATE_METHOD_MATCH = YES;
				COPY_PHASE_STRIP = NO;
				DEBUG_INFORMATION_FORMAT = "dwarf-with-dsym";
				ENABLE_NS_ASSERTIONS = NO;
				ENABLE_STRICT_OBJC_MSGSEND = YES;
				GCC_C_LANGUAGE_STANDARD = gnu11;
				GCC_NO_COMMON_BLOCKS = YES;
				GCC_WARN_64_TO_32_BIT_CONVERSION = YES;
				GCC_WARN_ABOUT_RETURN_TYPE = YES_ERROR;
				GCC_WARN_UNDECLARED_SELECTOR = YES;
				GCC_WARN_UNINITIALIZED_AUTOS = YES_AGGRESSIVE;
				GCC_WARN_UNUSED_FUNCTION = YES;
				GCC_WARN_UNUSED_VARIABLE = YES;
				IPHONEOS_DEPLOYMENT_TARGET = 13.4;
				MTL_ENABLE_DEBUG_INFO = NO;
				MTL_FAST_MATH = YES;
				SDKROOT = iphoneos;
				SWIFT_COMPILATION_MODE = wholemodule;
				SWIFT_OPTIMIZATION_LEVEL = "-O";
				VALIDATE_PRODUCT = YES;
			};
			name = Release;
		};
		86CF96A424802A5100AEFB3D /* Debug */ = {
			isa = XCBuildConfiguration;
			buildSettings = {
				ASSETCATALOG_COMPILER_APPICON_NAME = AppIcon;
				CODE_SIGN_STYLE = Automatic;
				DEVELOPMENT_TEAM = D28YKYJC2T;
				INFOPLIST_FILE = PersonalQuiz/SupportingFiles/Info.plist;
				LD_RUNPATH_SEARCH_PATHS = (
					"$(inherited)",
					"@executable_path/Frameworks",
				);
				PRODUCT_BUNDLE_IDENTIFIER = ru.vladislavcheremisov.PersonalQuiz;
				PRODUCT_NAME = "$(TARGET_NAME)";
				SWIFT_VERSION = 5.0;
				TARGETED_DEVICE_FAMILY = "1,2";
			};
			name = Debug;
		};
		86CF96A524802A5100AEFB3D /* Release */ = {
			isa = XCBuildConfiguration;
			buildSettings = {
				ASSETCATALOG_COMPILER_APPICON_NAME = AppIcon;
				CODE_SIGN_STYLE = Automatic;
				DEVELOPMENT_TEAM = D28YKYJC2T;
				INFOPLIST_FILE = PersonalQuiz/SupportingFiles/Info.plist;
				LD_RUNPATH_SEARCH_PATHS = (
					"$(inherited)",
					"@executable_path/Frameworks",
				);
				PRODUCT_BUNDLE_IDENTIFIER = ru.vladislavcheremisov.PersonalQuiz;
				PRODUCT_NAME = "$(TARGET_NAME)";
				SWIFT_VERSION = 5.0;
				TARGETED_DEVICE_FAMILY = "1,2";
			};
			name = Release;
		};
/* End XCBuildConfiguration section */

/* Begin XCConfigurationList section */
		86CF968A24802A5000AEFB3D /* Build configuration list for PBXProject "PersonalQuiz" */ = {
			isa = XCConfigurationList;
			buildConfigurations = (
				86CF96A124802A5100AEFB3D /* Debug */,
				86CF96A224802A5100AEFB3D /* Release */,
			);
			defaultConfigurationIsVisible = 0;
			defaultConfigurationName = Release;
		};
		86CF96A324802A5100AEFB3D /* Build configuration list for PBXNativeTarget "PersonalQuiz" */ = {
			isa = XCConfigurationList;
			buildConfigurations = (
				86CF96A424802A5100AEFB3D /* Debug */,
				86CF96A524802A5100AEFB3D /* Release */,
			);
			defaultConfigurationIsVisible = 0;
			defaultConfigurationName = Release;
		};
/* End XCConfigurationList section */
	};
	rootObject = 86CF968724802A5000AEFB3D /* Project object */;
}
